{
    "_meta": {
        "hash": {
            "sha256": "11d60c40618f23c8a4c37acb7bf260d0f364db936cf23961ff54ef854a5fa4e1"
        },
        "host-environment-markers": {
            "implementation_name": "cpython",
            "implementation_version": "3.6.4",
            "os_name": "posix",
            "platform_machine": "x86_64",
            "platform_python_implementation": "CPython",
            "platform_release": "17.3.0",
            "platform_system": "Darwin",
            "platform_version": "Darwin Kernel Version 17.3.0: Thu Nov  9 18:09:22 PST 2017; root:xnu-4570.31.3~1/RELEASE_X86_64",
            "python_full_version": "3.6.4",
            "python_version": "3.6",
            "sys_platform": "darwin"
        },
        "pipfile-spec": 6,
        "requires": {
            "python_version": "3.6"
        },
        "sources": [
            {
                "name": "pypi",
                "url": "http://mirrors.aliyun.com/pypi/simple/",
                "verify_ssl": false
            }
        ]
    },
    "default": {
        "attrs": {
            "hashes": [],
            "version": "==17.4.0"
        },
        "certifi": {
            "hashes": [],
            "version": "==2017.11.5"
        },
        "chardet": {
            "hashes": [],
            "version": "==3.0.4"
        },
        "cycler": {
            "hashes": [],
            "version": "==0.10.0"
        },
        "idna": {
            "hashes": [],
            "version": "==2.6"
        },
        "logzero": {
            "hashes": [],
            "version": "==1.3.1"
        },
        "matplotlib": {
            "hashes": [],
            "version": "==2.1.1"
        },
        "nose": {
            "hashes": [],
            "version": "==1.3.7"
        },
        "numpy": {
            "hashes": [],
            "version": "==1.14.0"
        },
        "oauthlib": {
            "hashes": [],
            "version": "==2.0.6"
        },
        "pluggy": {
            "hashes": [],
            "version": "==0.6.0"
        },
        "py": {
            "hashes": [],
            "version": "==1.5.2"
        },
        "pyparsing": {
            "hashes": [],
            "version": "==2.2.0"
        },
        "pytest": {
            "hashes": [],
            "version": "==3.3.2"
        },
        "python-dateutil": {
            "hashes": [],
            "version": "==2.6.1"
        },
        "pytz": {
            "hashes": [],
            "version": "==2017.3"
        },
        "requests": {
            "hashes": [],
            "version": "==2.18.4"
        },
        "requests-oauthlib": {
            "hashes": [],
            "version": "==0.8.0"
        },
        "scipy": {
            "hashes": [],
            "version": "==1.0.0"
        },
        "six": {
            "hashes": [],
            "version": "==1.11.0"
        },
        "ta-lib": {
            "hashes": [],
            "version": "==0.4.15"
        },
        "tornado": {
            "hashes": [],
            "version": "==4.5.3"
        },
        "tweepy": {
            "hashes": [],
            "version": "==3.5.0"
        },
        "urllib3": {
            "hashes": [],
            "version": "==1.22"
        },
        "ws4py": {
            "hashes": [],
            "version": "==0.4.3"
        }
    },
    "develop": {
        "attrs": {
            "hashes": [],
            "version": "==17.4.0"
        },
        "ddt": {
            "hashes": [],
            "version": "==1.1.1"
        },
        "mock": {
            "hashes": [],
            "version": "==2.0.0"
        },
        "pbr": {
            "hashes": [],
            "version": "==3.1.1"
        },
        "pluggy": {
            "hashes": [],
            "version": "==0.6.0"
        },
        "py": {
            "hashes": [],
            "version": "==1.5.2"
        },
        "pytest": {
            "hashes": [],
            "version": "==3.3.2"
        },
        "six": {
            "hashes": [],
            "version": "==1.11.0"
        }
    }
}
